
Microsoft Visual Studio Solution File, Format Version 12.00
# Visual Studio Version 17
VisualStudioVersion = 17.2.32519.379
MinimumVisualStudioVersion = 10.0.40219.1
Project("{9A19103F-16F7-4668-BE54-9A1E7A4F7556}") = "Entities", "Entities\Entities.csproj", "{DC122EFD-4649-4A6B-8EF5-853EF2FC7A5B}"
EndProject
Project("{9A19103F-16F7-4668-BE54-9A1E7A4F7556}") = "EFCoreRelationships", "..\..\EFCoreRelationships\EFCoreRelationships\EFCoreRelationships.csproj", "{6E5F7BC5-F084-4006-84AC-055C28E4AA67}"
EndProject
Global
	GlobalSection(SolutionConfigurationPlatforms) = preSolution
		Debug|Any CPU = Debug|Any CPU
		Release|Any CPU = Release|Any CPU
	EndGlobalSection
	GlobalSection(ProjectConfigurationPlatforms) = postSolution
		{DC122EFD-4649-4A6B-8EF5-853EF2FC7A5B}.Debug|Any CPU.ActiveCfg = Debug|Any CPU
		{DC122EFD-4649-4A6B-8EF5-853EF2FC7A5B}.Debug|Any CPU.Build.0 = Debug|Any CPU
		{DC122EFD-4649-4A6B-8EF5-853EF2FC7A5B}.Release|Any CPU.ActiveCfg = Release|Any CPU
		{DC122EFD-4649-4A6B-8EF5-853EF2FC7A5B}.Release|Any CPU.Build.0 = Release|Any CPU
		{6E5F7BC5-F084-4006-84AC-055C28E4AA67}.Debug|Any CPU.ActiveCfg = Debug|Any CPU
		{6E5F7BC5-F084-4006-84AC-055C28E4AA67}.Debug|Any CPU.Build.0 = Debug|Any CPU
		{6E5F7BC5-F084-4006-84AC-055C28E4AA67}.Release|Any CPU.ActiveCfg = Release|Any CPU
		{6E5F7BC5-F084-4006-84AC-055C28E4AA67}.Release|Any CPU.Build.0 = Release|Any CPU
	EndGlobalSection
	GlobalSection(SolutionProperties) = preSolution
		HideSolutionNode = FALSE
	EndGlobalSection
	GlobalSection(ExtensibilityGlobals) = postSolution
		SolutionGuid = {BE5B9559-184F-416D-83E7-EC96282BB336}
	EndGlobalSection
EndGlobal
